
Microsoft Visual Studio Solution File, Format Version 12.00
# Visual Studio Version 16
VisualStudioVersion = 16.0.30717.126
MinimumVisualStudioVersion = 10.0.40219.1
Project("{FAE04EC0-301F-11D3-BF4B-00C04F79EFBC}") = "NumberTask", "ConsoleApp1\NumberTask.csproj", "{87A48EE7-771E-4E87-BC75-CD12FF7C39A9}"
EndProject
Project("{FAE04EC0-301F-11D3-BF4B-00C04F79EFBC}") = "UnitTests", "UnitTests\UnitTests.csproj", "{D34A6D84-9BF4-4817-ADCC-64E78AB66449}"
EndProject
Project("{FAE04EC0-301F-11D3-BF4B-00C04F79EFBC}") = "NumbersClassLibrary", "NumbersClassLibrary\NumbersClassLibrary.csproj", "{CC6692AF-C6A6-47C3-B22B-3165B2B7A1B6}"
EndProject
Global
	GlobalSection(SolutionConfigurationPlatforms) = preSolution
		Debug|Any CPU = Debug|Any CPU
		Debug|x64 = Debug|x64
		Release|Any CPU = Release|Any CPU
		Release|x64 = Release|x64
	EndGlobalSection
	GlobalSection(ProjectConfigurationPlatforms) = postSolution
		{87A48EE7-771E-4E87-BC75-CD12FF7C39A9}.Debug|Any CPU.ActiveCfg = Debug|Any CPU
		{87A48EE7-771E-4E87-BC75-CD12FF7C39A9}.Debug|Any CPU.Build.0 = Debug|Any CPU
		{87A48EE7-771E-4E87-BC75-CD12FF7C39A9}.Debug|x64.ActiveCfg = Debug|x64
		{87A48EE7-771E-4E87-BC75-CD12FF7C39A9}.Debug|x64.Build.0 = Debug|x64
		{87A48EE7-771E-4E87-BC75-CD12FF7C39A9}.Release|Any CPU.ActiveCfg = Release|Any CPU
		{87A48EE7-771E-4E87-BC75-CD12FF7C39A9}.Release|Any CPU.Build.0 = Release|Any CPU
		{87A48EE7-771E-4E87-BC75-CD12FF7C39A9}.Release|x64.ActiveCfg = Release|x64
		{87A48EE7-771E-4E87-BC75-CD12FF7C39A9}.Release|x64.Build.0 = Release|x64
		{D34A6D84-9BF4-4817-ADCC-64E78AB66449}.Debug|Any CPU.ActiveCfg = Debug|Any CPU
		{D34A6D84-9BF4-4817-ADCC-64E78AB66449}.Debug|Any CPU.Build.0 = Debug|Any CPU
		{D34A6D84-9BF4-4817-ADCC-64E78AB66449}.Debug|x64.ActiveCfg = Debug|x64
		{D34A6D84-9BF4-4817-ADCC-64E78AB66449}.Debug|x64.Build.0 = Debug|x64
		{D34A6D84-9BF4-4817-ADCC-64E78AB66449}.Release|Any CPU.ActiveCfg = Release|Any CPU
		{D34A6D84-9BF4-4817-ADCC-64E78AB66449}.Release|Any CPU.Build.0 = Release|Any CPU
		{D34A6D84-9BF4-4817-ADCC-64E78AB66449}.Release|x64.ActiveCfg = Release|x64
		{D34A6D84-9BF4-4817-ADCC-64E78AB66449}.Release|x64.Build.0 = Release|x64
		{CC6692AF-C6A6-47C3-B22B-3165B2B7A1B6}.Debug|Any CPU.ActiveCfg = Debug|Any CPU
		{CC6692AF-C6A6-47C3-B22B-3165B2B7A1B6}.Debug|Any CPU.Build.0 = Debug|Any CPU
		{CC6692AF-C6A6-47C3-B22B-3165B2B7A1B6}.Debug|x64.ActiveCfg = Debug|x64
		{CC6692AF-C6A6-47C3-B22B-3165B2B7A1B6}.Debug|x64.Build.0 = Debug|x64
		{CC6692AF-C6A6-47C3-B22B-3165B2B7A1B6}.Release|Any CPU.ActiveCfg = Release|Any CPU
		{CC6692AF-C6A6-47C3-B22B-3165B2B7A1B6}.Release|Any CPU.Build.0 = Release|Any CPU
		{CC6692AF-C6A6-47C3-B22B-3165B2B7A1B6}.Release|x64.ActiveCfg = Release|x64
		{CC6692AF-C6A6-47C3-B22B-3165B2B7A1B6}.Release|x64.Build.0 = Release|x64
	EndGlobalSection
	GlobalSection(SolutionProperties) = preSolution
		HideSolutionNode = FALSE
	EndGlobalSection
	GlobalSection(ExtensibilityGlobals) = postSolution
		SolutionGuid = {04F8224D-A174-4E48-9D22-1DCAC421D7D9}
	EndGlobalSection
EndGlobal
