
Microsoft Visual Studio Solution File, Format Version 12.00
# Visual Studio 2012
Project("{FAE04EC0-301F-11D3-BF4B-00C04F79EFBC}") = "ImprovedLoggingUsingCastle", "ImprovedLoggingUsingCastle\ImprovedLoggingUsingCastle.csproj", "{9955CFA3-4349-42D1-A5A7-8A58AA5EBE50}"
EndProject
Global
	GlobalSection(SolutionConfigurationPlatforms) = preSolution
		Debug|Any CPU = Debug|Any CPU
		Release|Any CPU = Release|Any CPU
	EndGlobalSection
	GlobalSection(ProjectConfigurationPlatforms) = postSolution
		{9955CFA3-4349-42D1-A5A7-8A58AA5EBE50}.Debug|Any CPU.ActiveCfg = Debug|Any CPU
		{9955CFA3-4349-42D1-A5A7-8A58AA5EBE50}.Debug|Any CPU.Build.0 = Debug|Any CPU
		{9955CFA3-4349-42D1-A5A7-8A58AA5EBE50}.Release|Any CPU.ActiveCfg = Release|Any CPU
		{9955CFA3-4349-42D1-A5A7-8A58AA5EBE50}.Release|Any CPU.Build.0 = Release|Any CPU
	EndGlobalSection
	GlobalSection(SolutionProperties) = preSolution
		HideSolutionNode = FALSE
	EndGlobalSection
EndGlobal
